{
  "version": 4,
  "terraform_version": "1.4.6",
  "serial": 6,
  "lineage": "6326aefc-cd77-8cd0-df57-1f947a184cb7",
  "outputs": {
    "resource_group_name": {
      "value": "numerai-submission-resource-grp",
      "type": "string"
    }
  },
  "resources": [
    {
      "mode": "managed",
      "type": "azurerm_resource_group",
      "name": "rg",
      "provider": "provider[\"registry.terraform.io/hashicorp/azurerm\"]",
      "instances": [
        {
          "schema_version": 0,
          "attributes": {
            "id": "/subscriptions/70c75825-b7ee-4784-baf4-3d0a6321a654/resourceGroups/numerai-submission-resource-grp",
            "location": "eastus",
            "name": "numerai-submission-resource-grp",
            "tags": null,
            "timeouts": null
          },
          "sensitive_attributes": [],
          "private": "eyJlMmJmYjczMC1lY2FhLTExZTYtOGY4OC0zNDM2M2JjN2M0YzAiOnsiY3JlYXRlIjo1NDAwMDAwMDAwMDAwLCJkZWxldGUiOjU0MDAwMDAwMDAwMDAsInJlYWQiOjMwMDAwMDAwMDAwMCwidXBkYXRlIjo1NDAwMDAwMDAwMDAwfX0="
        }
      ]
    }
  ],
  "check_results": null
}
