{
  "version": 4,
  "terraform_version": "1.4.6",
  "serial": 15,
  "lineage": "6326aefc-cd77-8cd0-df57-1f947a184cb7",
  "outputs": {
    "resource_group_name": {
      "value": "numerai-submission-resource-grp",
      "type": "string"
    }
  },
  "resources": [
    {
      "mode": "data",
      "type": "azurerm_subscription",
      "name": "current",
      "provider": "provider[\"registry.terraform.io/hashicorp/azurerm\"]",
      "instances": [
        {
          "schema_version": 0,
          "attributes": {
            "display_name": "Azure subscription 1",
            "id": "/subscriptions/70c75825-b7ee-4784-baf4-3d0a6321a654",
            "location_placement_id": "Public_2014-09-01",
            "quota_id": "PayAsYouGo_2014-09-01",
            "spending_limit": "Off",
            "state": "Enabled",
            "subscription_id": "70c75825-b7ee-4784-baf4-3d0a6321a654",
            "tags": {},
            "tenant_id": "8b4ec468-fa7e-4cbe-b529-10b052389802",
            "timeouts": null
          },
          "sensitive_attributes": []
        }
      ]
    },
    {
      "mode": "managed",
      "type": "azurerm_container_group",
      "name": "container",
      "provider": "provider[\"registry.terraform.io/hashicorp/azurerm\"]",
      "instances": [
        {
          "schema_version": 0,
          "attributes": {
            "container": [
              {
                "commands": [],
                "cpu": 1,
                "cpu_limit": 0,
                "environment_variables": {},
                "gpu": [],
                "gpu_limit": [],
                "image": "docker.io/eseswaiga/test-new",
                "liveness_probe": [],
                "memory": 2,
                "memory_limit": 0,
                "name": "aci-pawe5",
                "ports": [
                  {
                    "port": 3000,
                    "protocol": "TCP"
                  }
                ],
                "readiness_probe": [],
                "secure_environment_variables": {},
                "volume": []
              }
            ],
            "diagnostics": [],
            "dns_config": [],
            "dns_name_label": "",
            "dns_name_label_reuse_policy": "Unsecure",
            "exposed_port": [
              {
                "port": 3000,
                "protocol": "TCP"
              }
            ],
            "fqdn": "",
            "id": "/subscriptions/70c75825-b7ee-4784-baf4-3d0a6321a654/resourceGroups/numerai-submission-resource-grp/providers/Microsoft.ContainerInstance/containerGroups/numerai-submission-azure-container-resource-group",
            "identity": [],
            "image_registry_credential": [],
            "init_container": [],
            "ip_address": "",
            "ip_address_type": "Public",
            "key_vault_key_id": null,
            "location": "eastus",
            "name": "numerai-submission-azure-container-resource-group",
            "network_profile_id": null,
            "os_type": "Linux",
            "resource_group_name": "numerai-submission-resource-grp",
            "restart_policy": "Never",
            "subnet_ids": [],
            "tags": {},
            "timeouts": null,
            "zones": []
          },
          "sensitive_attributes": [],
          "private": "eyJlMmJmYjczMC1lY2FhLTExZTYtOGY4OC0zNDM2M2JjN2M0YzAiOnsiY3JlYXRlIjoxODAwMDAwMDAwMDAwLCJkZWxldGUiOjE4MDAwMDAwMDAwMDAsInJlYWQiOjMwMDAwMDAwMDAwMCwidXBkYXRlIjoxODAwMDAwMDAwMDAwfX0=",
          "dependencies": [
            "azurerm_resource_group.rg",
            "random_string.random"
          ]
        }
      ]
    },
    {
      "mode": "managed",
      "type": "azurerm_function_app_function",
      "name": "function",
      "provider": "provider[\"registry.terraform.io/hashicorp/azurerm\"]",
      "instances": [
        {
          "schema_version": 0,
          "attributes": {
            "config_json": "{\"bindings\":[{\"authLevel\":\"anonymous\",\"direction\":\"in\",\"methods\":[\"get\",\"post\"],\"name\":\"predict\",\"type\":\"httpTrigger\"},{\"direction\":\"out\",\"name\":\"$return\",\"type\":\"http\"}]}",
            "config_url": "https://numerai-submission-function-app.azurewebsites.net/admin/vfs/home/site/wwwroot/numerai-submission-function-app-function/function.json",
            "enabled": true,
            "file": [
              {
                "content": "# TODO: to be edited, check how to install req, and get external env variables from TF\r\n# https://www.youtube.com/watch?v=P-tZ28RhYE4\u0026ab_channel=TomHa\r\n\r\nimport azure.functions as func\r\nimport logging\r\nfrom azure.mgmt.containerinstance import ContainerInstanceManagementClient\r\nfrom azure.identity import DefaultAzureCredential\r\nimport os\r\n\r\n# Remember to create a .env file in the same directory as this file to store environment variable \"AZURE_SUBSCRIPTION_ID\"\r\n#from dotenv import load_dotenv\r\n#load_dotenv()\r\n\r\n# This function will be triggered by a GET or POST request (defined in function.json)\r\ndef main(predict: func.HttpRequest) -\u003e func.HttpResponse:\r\n    \r\n    logging.info('Python HTTP trigger function processed a request.')\r\n    \r\n    # Pass the necessary credential to the client\r\n    client = ContainerInstanceManagementClient(\r\n        credential=DefaultAzureCredential(),\r\n        subscription_id=os.environ[\"AZURE_SUBSCRIPTION_ID\"]) # loaded from .env within azure_trigger_function folder\r\n    \r\n    # Start the container instance\r\n    response = client.container_groups.begin_start(\r\n        resource_group_name=os.environ[\"AZURE_RG_NAME\"],\r\n        container_group_name=os.environ[\"AZURE_CRG_NAME\"],\r\n        ).result()\r\n    \r\n    return func.HttpResponse(f\"This HTTP triggered function executed successfully.\",status_code=200)\r\n",
                "name": "azure_webhook.py"
              }
            ],
            "function_app_id": "/subscriptions/70c75825-b7ee-4784-baf4-3d0a6321a654/resourceGroups/numerai-submission-resource-grp/providers/Microsoft.Web/sites/numerai-submission-function-app",
            "id": "/subscriptions/70c75825-b7ee-4784-baf4-3d0a6321a654/resourceGroups/numerai-submission-resource-grp/providers/Microsoft.Web/sites/numerai-submission-function-app/functions/numerai-submission-function-app-function",
            "invocation_url": "https://numerai-submission-function-app.azurewebsites.net/api/numerai-submission-function-app-function",
            "language": "Python",
            "name": "numerai-submission-function-app-function",
            "script_root_path_url": "https://numerai-submission-function-app.azurewebsites.net/admin/vfs/home/site/wwwroot/numerai-submission-function-app-function/",
            "script_url": "https://numerai-submission-function-app.azurewebsites.net/admin/vfs/home/site/wwwroot/numerai-submission-function-app-function/azure_webhook.py",
            "secrets_file_url": "",
            "test_data": "{\"name\":\"Azure\"}",
            "test_data_url": "https://numerai-submission-function-app.azurewebsites.net/admin/vfs/tmp/FunctionsData/numerai-submission-function-app-function.dat",
            "timeouts": null,
            "url": "https://numerai-submission-function-app.azurewebsites.net/admin/functions/numerai-submission-function-app-function"
          },
          "sensitive_attributes": [],
          "private": "eyJlMmJmYjczMC1lY2FhLTExZTYtOGY4OC0zNDM2M2JjN2M0YzAiOnsiY3JlYXRlIjoxODAwMDAwMDAwMDAwLCJkZWxldGUiOjMwMDAwMDAwMDAwMCwicmVhZCI6MzAwMDAwMDAwMDAwLCJ1cGRhdGUiOjE4MDAwMDAwMDAwMDB9fQ==",
          "dependencies": [
            "azurerm_linux_function_app.function_app",
            "azurerm_resource_group.rg",
            "azurerm_service_plan.function_app",
            "azurerm_storage_account.function_app"
          ]
        }
      ]
    },
    {
      "mode": "managed",
      "type": "azurerm_linux_function_app",
      "name": "function_app",
      "provider": "provider[\"registry.terraform.io/hashicorp/azurerm\"]",
      "instances": [
        {
          "schema_version": 0,
          "attributes": {
            "app_settings": {},
            "auth_settings": [],
            "auth_settings_v2": [],
            "backup": [],
            "builtin_logging_enabled": true,
            "client_certificate_enabled": false,
            "client_certificate_exclusion_paths": "",
            "client_certificate_mode": "Optional",
            "connection_string": [],
            "content_share_force_disabled": false,
            "custom_domain_verification_id": "06CF6217E7F7CDDD08627DEDFA34F86E33CACBBE3CA1FD59EBA98A12C70C451F",
            "daily_memory_time_quota": 0,
            "default_hostname": "numerai-submission-function-app.azurewebsites.net",
            "enabled": true,
            "functions_extension_version": "~4",
            "hosting_environment_id": "",
            "https_only": false,
            "id": "/subscriptions/70c75825-b7ee-4784-baf4-3d0a6321a654/resourceGroups/numerai-submission-resource-grp/providers/Microsoft.Web/sites/numerai-submission-function-app",
            "identity": [
              {
                "identity_ids": [],
                "principal_id": "28a331c5-f087-4d6d-b886-f207153dd635",
                "tenant_id": "8b4ec468-fa7e-4cbe-b529-10b052389802",
                "type": "SystemAssigned"
              }
            ],
            "key_vault_reference_identity_id": "SystemAssigned",
            "kind": "functionapp,linux",
            "location": "eastus",
            "name": "numerai-submission-function-app",
            "outbound_ip_address_list": [
              "20.62.228.68",
              "20.62.228.134",
              "20.62.228.178",
              "20.62.229.164",
              "20.62.229.242",
              "20.62.230.48",
              "20.49.104.33"
            ],
            "outbound_ip_addresses": "20.62.228.68,20.62.228.134,20.62.228.178,20.62.229.164,20.62.229.242,20.62.230.48,20.49.104.33",
            "possible_outbound_ip_address_list": [
              "20.62.228.68",
              "20.62.228.134",
              "20.62.228.178",
              "20.62.229.164",
              "20.62.229.242",
              "20.62.230.48",
              "20.62.230.62",
              "20.62.230.171",
              "20.62.230.192",
              "20.62.230.253",
              "20.62.225.4",
              "52.146.84.26",
              "20.62.231.67",
              "20.62.231.92",
              "20.62.231.94",
              "20.62.231.132",
              "20.62.231.139",
              "20.62.227.12",
              "20.62.246.157",
              "20.62.246.176",
              "20.62.247.15",
              "20.62.247.189",
              "20.75.128.69",
              "20.75.128.96",
              "20.49.104.33"
            ],
            "possible_outbound_ip_addresses": "20.62.228.68,20.62.228.134,20.62.228.178,20.62.229.164,20.62.229.242,20.62.230.48,20.62.230.62,20.62.230.171,20.62.230.192,20.62.230.253,20.62.225.4,52.146.84.26,20.62.231.67,20.62.231.92,20.62.231.94,20.62.231.132,20.62.231.139,20.62.227.12,20.62.246.157,20.62.246.176,20.62.247.15,20.62.247.189,20.75.128.69,20.75.128.96,20.49.104.33",
            "resource_group_name": "numerai-submission-resource-grp",
            "service_plan_id": "/subscriptions/70c75825-b7ee-4784-baf4-3d0a6321a654/resourceGroups/numerai-submission-resource-grp/providers/Microsoft.Web/serverfarms/numerai-submission-function-app-plan",
            "site_config": [
              {
                "always_on": false,
                "api_definition_url": "",
                "api_management_api_id": "",
                "app_command_line": "",
                "app_scale_limit": 200,
                "app_service_logs": [],
                "application_insights_connection_string": "",
                "application_insights_key": "",
                "application_stack": [
                  {
                    "docker": [],
                    "dotnet_version": "",
                    "java_version": "",
                    "node_version": "",
                    "powershell_core_version": "",
                    "python_version": "3.10",
                    "use_custom_runtime": false,
                    "use_dotnet_isolated_runtime": false
                  }
                ],
                "container_registry_managed_identity_client_id": "",
                "container_registry_use_managed_identity": false,
                "cors": [],
                "default_documents": [
                  "Default.htm",
                  "Default.html",
                  "Default.asp",
                  "index.htm",
                  "index.html",
                  "iisstart.htm",
                  "default.aspx",
                  "index.php"
                ],
                "detailed_error_logging_enabled": false,
                "elastic_instance_minimum": 0,
                "ftps_state": "Disabled",
                "health_check_eviction_time_in_min": 0,
                "health_check_path": "",
                "http2_enabled": false,
                "ip_restriction": [],
                "linux_fx_version": "PYTHON|3.10",
                "load_balancing_mode": "LeastRequests",
                "managed_pipeline_mode": "Integrated",
                "minimum_tls_version": "1.2",
                "pre_warmed_instance_count": 0,
                "remote_debugging_enabled": false,
                "remote_debugging_version": "",
                "runtime_scale_monitoring_enabled": false,
                "scm_ip_restriction": [],
                "scm_minimum_tls_version": "1.2",
                "scm_type": "None",
                "scm_use_main_ip_restriction": false,
                "use_32_bit_worker": false,
                "vnet_route_all_enabled": false,
                "websockets_enabled": false,
                "worker_count": 1
              }
            ],
            "site_credential": [
              {
                "name": "$numerai-submission-function-app",
                "password": "BuMauZBkHt2zqc2xBl1SrePiB9BqpkkNEG8yRqiBuddFYwmj58B0qjkJixat"
              }
            ],
            "sticky_settings": [],
            "storage_account": [],
            "storage_account_access_key": "q1z80yOKR6tQbX+YxgFto39fQcaIZEMMlkhA+NrQl/1L31crTUE4Nt4rbiYhxLipGdLRnEJ7i5ys+AStivLpDw==",
            "storage_account_name": "numeraifunctionstorage",
            "storage_key_vault_secret_id": "",
            "storage_uses_managed_identity": false,
            "tags": {},
            "timeouts": null,
            "virtual_network_subnet_id": "",
            "zip_deploy_file": ""
          },
          "sensitive_attributes": [
            [
              {
                "type": "get_attr",
                "value": "storage_account_access_key"
              }
            ]
          ],
          "private": "eyJlMmJmYjczMC1lY2FhLTExZTYtOGY4OC0zNDM2M2JjN2M0YzAiOnsiY3JlYXRlIjoxODAwMDAwMDAwMDAwLCJkZWxldGUiOjE4MDAwMDAwMDAwMDAsInJlYWQiOjMwMDAwMDAwMDAwMCwidXBkYXRlIjoxODAwMDAwMDAwMDAwfX0=",
          "dependencies": [
            "azurerm_resource_group.rg",
            "azurerm_service_plan.function_app",
            "azurerm_storage_account.function_app"
          ]
        }
      ]
    },
    {
      "mode": "managed",
      "type": "azurerm_resource_group",
      "name": "rg",
      "provider": "provider[\"registry.terraform.io/hashicorp/azurerm\"]",
      "instances": [
        {
          "schema_version": 0,
          "attributes": {
            "id": "/subscriptions/70c75825-b7ee-4784-baf4-3d0a6321a654/resourceGroups/numerai-submission-resource-grp",
            "location": "eastus",
            "name": "numerai-submission-resource-grp",
            "tags": {},
            "timeouts": null
          },
          "sensitive_attributes": [],
          "private": "eyJlMmJmYjczMC1lY2FhLTExZTYtOGY4OC0zNDM2M2JjN2M0YzAiOnsiY3JlYXRlIjo1NDAwMDAwMDAwMDAwLCJkZWxldGUiOjU0MDAwMDAwMDAwMDAsInJlYWQiOjMwMDAwMDAwMDAwMCwidXBkYXRlIjo1NDAwMDAwMDAwMDAwfX0="
        }
      ]
    },
    {
      "mode": "managed",
      "type": "azurerm_service_plan",
      "name": "function_app",
      "provider": "provider[\"registry.terraform.io/hashicorp/azurerm\"]",
      "instances": [
        {
          "schema_version": 0,
          "attributes": {
            "app_service_environment_id": "",
            "id": "/subscriptions/70c75825-b7ee-4784-baf4-3d0a6321a654/resourceGroups/numerai-submission-resource-grp/providers/Microsoft.Web/serverfarms/numerai-submission-function-app-plan",
            "kind": "functionapp",
            "location": "eastus",
            "maximum_elastic_worker_count": 1,
            "name": "numerai-submission-function-app-plan",
            "os_type": "Linux",
            "per_site_scaling_enabled": false,
            "reserved": true,
            "resource_group_name": "numerai-submission-resource-grp",
            "sku_name": "Y1",
            "tags": {},
            "timeouts": null,
            "worker_count": 0,
            "zone_balancing_enabled": false
          },
          "sensitive_attributes": [],
          "private": "eyJlMmJmYjczMC1lY2FhLTExZTYtOGY4OC0zNDM2M2JjN2M0YzAiOnsiY3JlYXRlIjozNjAwMDAwMDAwMDAwLCJkZWxldGUiOjM2MDAwMDAwMDAwMDAsInJlYWQiOjMwMDAwMDAwMDAwMCwidXBkYXRlIjozNjAwMDAwMDAwMDAwfX0=",
          "dependencies": [
            "azurerm_resource_group.rg"
          ]
        }
      ]
    },
    {
      "mode": "managed",
      "type": "azurerm_storage_account",
      "name": "function_app",
      "provider": "provider[\"registry.terraform.io/hashicorp/azurerm\"]",
      "instances": [
        {
          "schema_version": 3,
          "attributes": {
            "access_tier": "Hot",
            "account_kind": "StorageV2",
            "account_replication_type": "LRS",
            "account_tier": "Standard",
            "allow_nested_items_to_be_public": true,
            "allowed_copy_scope": "",
            "azure_files_authentication": [],
            "blob_properties": [
              {
                "change_feed_enabled": false,
                "change_feed_retention_in_days": 0,
                "container_delete_retention_policy": [],
                "cors_rule": [],
                "default_service_version": "",
                "delete_retention_policy": [],
                "last_access_time_enabled": false,
                "restore_policy": [],
                "versioning_enabled": false
              }
            ],
            "cross_tenant_replication_enabled": true,
            "custom_domain": [],
            "customer_managed_key": [],
            "default_to_oauth_authentication": false,
            "edge_zone": "",
            "enable_https_traffic_only": true,
            "id": "/subscriptions/70c75825-b7ee-4784-baf4-3d0a6321a654/resourceGroups/numerai-submission-resource-grp/providers/Microsoft.Storage/storageAccounts/numeraifunctionstorage",
            "identity": [],
            "immutability_policy": [],
            "infrastructure_encryption_enabled": false,
            "is_hns_enabled": false,
            "large_file_share_enabled": null,
            "location": "eastus",
            "min_tls_version": "TLS1_2",
            "name": "numeraifunctionstorage",
            "network_rules": [
              {
                "bypass": [
                  "AzureServices"
                ],
                "default_action": "Allow",
                "ip_rules": [],
                "private_link_access": [],
                "virtual_network_subnet_ids": []
              }
            ],
            "nfsv3_enabled": false,
            "primary_access_key": "q1z80yOKR6tQbX+YxgFto39fQcaIZEMMlkhA+NrQl/1L31crTUE4Nt4rbiYhxLipGdLRnEJ7i5ys+AStivLpDw==",
            "primary_blob_connection_string": "DefaultEndpointsProtocol=https;BlobEndpoint=https://numeraifunctionstorage.blob.core.windows.net/;AccountName=numeraifunctionstorage;AccountKey=q1z80yOKR6tQbX+YxgFto39fQcaIZEMMlkhA+NrQl/1L31crTUE4Nt4rbiYhxLipGdLRnEJ7i5ys+AStivLpDw==",
            "primary_blob_endpoint": "https://numeraifunctionstorage.blob.core.windows.net/",
            "primary_blob_host": "numeraifunctionstorage.blob.core.windows.net",
            "primary_connection_string": "DefaultEndpointsProtocol=https;AccountName=numeraifunctionstorage;AccountKey=q1z80yOKR6tQbX+YxgFto39fQcaIZEMMlkhA+NrQl/1L31crTUE4Nt4rbiYhxLipGdLRnEJ7i5ys+AStivLpDw==;EndpointSuffix=core.windows.net",
            "primary_dfs_endpoint": "https://numeraifunctionstorage.dfs.core.windows.net/",
            "primary_dfs_host": "numeraifunctionstorage.dfs.core.windows.net",
            "primary_file_endpoint": "https://numeraifunctionstorage.file.core.windows.net/",
            "primary_file_host": "numeraifunctionstorage.file.core.windows.net",
            "primary_location": "eastus",
            "primary_queue_endpoint": "https://numeraifunctionstorage.queue.core.windows.net/",
            "primary_queue_host": "numeraifunctionstorage.queue.core.windows.net",
            "primary_table_endpoint": "https://numeraifunctionstorage.table.core.windows.net/",
            "primary_table_host": "numeraifunctionstorage.table.core.windows.net",
            "primary_web_endpoint": "https://numeraifunctionstorage.z13.web.core.windows.net/",
            "primary_web_host": "numeraifunctionstorage.z13.web.core.windows.net",
            "public_network_access_enabled": true,
            "queue_encryption_key_type": "Service",
            "queue_properties": [
              {
                "cors_rule": [],
                "hour_metrics": [
                  {
                    "enabled": true,
                    "include_apis": true,
                    "retention_policy_days": 7,
                    "version": "1.0"
                  }
                ],
                "logging": [
                  {
                    "delete": false,
                    "read": false,
                    "retention_policy_days": 0,
                    "version": "1.0",
                    "write": false
                  }
                ],
                "minute_metrics": [
                  {
                    "enabled": false,
                    "include_apis": false,
                    "retention_policy_days": 0,
                    "version": "1.0"
                  }
                ]
              }
            ],
            "resource_group_name": "numerai-submission-resource-grp",
            "routing": [],
            "sas_policy": [],
            "secondary_access_key": "1WQsbG9t2nMMR1Wn6JiZFhVSVEsns5+QYee2pEJ+7jyl1V9+Q2dBSj7L5xl2+mHM8EPtosvZjy3K+AStGyTXpQ==",
            "secondary_blob_connection_string": "",
            "secondary_blob_endpoint": null,
            "secondary_blob_host": null,
            "secondary_connection_string": "DefaultEndpointsProtocol=https;AccountName=numeraifunctionstorage;AccountKey=1WQsbG9t2nMMR1Wn6JiZFhVSVEsns5+QYee2pEJ+7jyl1V9+Q2dBSj7L5xl2+mHM8EPtosvZjy3K+AStGyTXpQ==;EndpointSuffix=core.windows.net",
            "secondary_dfs_endpoint": null,
            "secondary_dfs_host": null,
            "secondary_file_endpoint": null,
            "secondary_file_host": null,
            "secondary_location": "",
            "secondary_queue_endpoint": null,
            "secondary_queue_host": null,
            "secondary_table_endpoint": null,
            "secondary_table_host": null,
            "secondary_web_endpoint": null,
            "secondary_web_host": null,
            "sftp_enabled": false,
            "share_properties": [
              {
                "cors_rule": [],
                "retention_policy": [
                  {
                    "days": 7
                  }
                ],
                "smb": []
              }
            ],
            "shared_access_key_enabled": true,
            "static_website": [],
            "table_encryption_key_type": "Service",
            "tags": {},
            "timeouts": null
          },
          "sensitive_attributes": [],
          "private": "eyJlMmJmYjczMC1lY2FhLTExZTYtOGY4OC0zNDM2M2JjN2M0YzAiOnsiY3JlYXRlIjozNjAwMDAwMDAwMDAwLCJkZWxldGUiOjM2MDAwMDAwMDAwMDAsInJlYWQiOjMwMDAwMDAwMDAwMCwidXBkYXRlIjozNjAwMDAwMDAwMDAwfSwic2NoZW1hX3ZlcnNpb24iOiIzIn0=",
          "dependencies": [
            "azurerm_resource_group.rg"
          ]
        }
      ]
    },
    {
      "mode": "managed",
      "type": "random_string",
      "name": "random",
      "provider": "provider[\"registry.terraform.io/hashicorp/random\"]",
      "instances": [
        {
          "schema_version": 2,
          "attributes": {
            "id": "pawe5",
            "keepers": null,
            "length": 5,
            "lower": true,
            "min_lower": 0,
            "min_numeric": 0,
            "min_special": 0,
            "min_upper": 0,
            "number": true,
            "numeric": true,
            "override_special": null,
            "result": "pawe5",
            "special": false,
            "upper": false
          },
          "sensitive_attributes": []
        }
      ]
    }
  ],
  "check_results": null
}
