{
  "version": 4,
  "terraform_version": "1.4.6",
  "serial": 145,
  "lineage": "6326aefc-cd77-8cd0-df57-1f947a184cb7",
  "outputs": {
    "resource_group_name": {
      "value": {
        "docker_repo": "docker.io/eseswaiga/test-new:latest",
        "webhook_log_group": "tf-test-appinsights"
      },
      "type": [
        "object",
        {
          "docker_repo": "string",
          "webhook_log_group": "string"
        }
      ]
    }
  },
  "resources": [
    {
      "mode": "data",
      "type": "azurerm_role_definition",
      "name": "contributor",
      "provider": "provider[\"registry.terraform.io/hashicorp/azurerm\"]",
      "instances": [
        {
          "schema_version": 0,
          "attributes": {
            "assignable_scopes": [
              "/"
            ],
            "description": "Grants full access to manage all resources, but does not allow you to assign roles in Azure RBAC, manage assignments in Azure Blueprints, or share image galleries.",
            "id": "/providers/Microsoft.Authorization/roleDefinitions/b24988ac-6180-42a0-ab88-20f7382dd24c",
            "name": "Contributor",
            "permissions": [
              {
                "actions": [
                  "*"
                ],
                "data_actions": [],
                "not_actions": [
                  "Microsoft.Authorization/*/Delete",
                  "Microsoft.Authorization/*/Write",
                  "Microsoft.Authorization/elevateAccess/Action",
                  "Microsoft.Blueprint/blueprintAssignments/write",
                  "Microsoft.Blueprint/blueprintAssignments/delete",
                  "Microsoft.Compute/galleries/share/action"
                ],
                "not_data_actions": []
              }
            ],
            "role_definition_id": "/providers/Microsoft.Authorization/roleDefinitions/b24988ac-6180-42a0-ab88-20f7382dd24c",
            "scope": null,
            "timeouts": null,
            "type": "BuiltInRole"
          },
          "sensitive_attributes": []
        }
      ]
    },
    {
      "mode": "data",
      "type": "azurerm_subscription",
      "name": "current",
      "provider": "provider[\"registry.terraform.io/hashicorp/azurerm\"]",
      "instances": [
        {
          "schema_version": 0,
          "attributes": {
            "display_name": "Azure subscription 1",
            "id": "/subscriptions/70c75825-b7ee-4784-baf4-3d0a6321a654",
            "location_placement_id": "Public_2014-09-01",
            "quota_id": "PayAsYouGo_2014-09-01",
            "spending_limit": "Off",
            "state": "Enabled",
            "subscription_id": "70c75825-b7ee-4784-baf4-3d0a6321a654",
            "tags": {},
            "tenant_id": "8b4ec468-fa7e-4cbe-b529-10b052389802",
            "timeouts": null
          },
          "sensitive_attributes": []
        }
      ]
    },
    {
      "mode": "managed",
      "type": "azurerm_application_insights",
      "name": "app_insights",
      "provider": "provider[\"registry.terraform.io/hashicorp/azurerm\"]",
      "instances": [
        {
          "schema_version": 1,
          "attributes": {
            "app_id": "adcda1d2-51f7-4800-9d81-a470f9869cf0",
            "application_type": "other",
            "connection_string": "InstrumentationKey=8d4e373e-8035-45a3-91a3-662fb9010092;IngestionEndpoint=https://eastus-6.in.applicationinsights.azure.com/;LiveEndpoint=https://eastus.livediagnostics.monitor.azure.com/",
            "daily_data_cap_in_gb": 100,
            "daily_data_cap_notifications_disabled": false,
            "disable_ip_masking": false,
            "force_customer_storage_for_profiler": false,
            "id": "/subscriptions/70c75825-b7ee-4784-baf4-3d0a6321a654/resourceGroups/tf-numerai-submission-resource-grp/providers/Microsoft.Insights/components/func-app-application-insights",
            "instrumentation_key": "8d4e373e-8035-45a3-91a3-662fb9010092",
            "internet_ingestion_enabled": true,
            "internet_query_enabled": true,
            "local_authentication_disabled": false,
            "location": "eastus",
            "name": "func-app-application-insights",
            "resource_group_name": "tf-numerai-submission-resource-grp",
            "retention_in_days": 90,
            "sampling_percentage": 100,
            "tags": null,
            "timeouts": null,
            "workspace_id": ""
          },
          "sensitive_attributes": [],
          "private": "eyJlMmJmYjczMC1lY2FhLTExZTYtOGY4OC0zNDM2M2JjN2M0YzAiOnsiY3JlYXRlIjozNjAwMDAwMDAwMDAwLCJkZWxldGUiOjE4MDAwMDAwMDAwMDAsInJlYWQiOjMwMDAwMDAwMDAwMCwidXBkYXRlIjoxODAwMDAwMDAwMDAwfSwic2NoZW1hX3ZlcnNpb24iOiIxIn0=",
          "dependencies": [
            "azurerm_resource_group.rg"
          ]
        }
      ]
    },
    {
      "mode": "managed",
      "type": "azurerm_linux_function_app",
      "name": "function_app",
      "provider": "provider[\"registry.terraform.io/hashicorp/azurerm\"]",
      "instances": []
    },
    {
      "mode": "managed",
      "type": "azurerm_log_analytics_workspace",
      "name": "function_app",
      "provider": "provider[\"registry.terraform.io/hashicorp/azurerm\"]",
      "instances": [
        {
          "schema_version": 3,
          "attributes": {
            "allow_resource_only_permissions": true,
            "cmk_for_query_forced": false,
            "daily_quota_gb": -1,
            "id": "/subscriptions/70c75825-b7ee-4784-baf4-3d0a6321a654/resourceGroups/tf-numerai-submission-resource-grp/providers/Microsoft.OperationalInsights/workspaces/func-app-log-analytics",
            "internet_ingestion_enabled": true,
            "internet_query_enabled": true,
            "local_authentication_disabled": false,
            "location": "eastus",
            "name": "func-app-log-analytics",
            "primary_shared_key": "0WpUWMAy9rmSB1CCXvPl56Aty60JvyHEZLPeda3zxeGWqSPN8E7Gzzih1cD9ssP0g2OFiFdy0sL9NTc2jf7gQg==",
            "reservation_capacity_in_gb_per_day": null,
            "resource_group_name": "tf-numerai-submission-resource-grp",
            "retention_in_days": 30,
            "secondary_shared_key": "/s/3x8FfhI2EiX+NUDyYuBM/CSagos2ZkkFI/5aNHNKuvbBk4cC1qXVcI7HeYH3OhpsbyiWZtVXsj84VYIjCDA==",
            "sku": "PerGB2018",
            "tags": null,
            "timeouts": null,
            "workspace_id": "742a5e2a-6c8a-4182-a274-20a1c7a8f61a"
          },
          "sensitive_attributes": [],
          "private": "eyJlMmJmYjczMC1lY2FhLTExZTYtOGY4OC0zNDM2M2JjN2M0YzAiOnsiY3JlYXRlIjoxODAwMDAwMDAwMDAwLCJkZWxldGUiOjE4MDAwMDAwMDAwMDAsInJlYWQiOjMwMDAwMDAwMDAwMCwidXBkYXRlIjoxODAwMDAwMDAwMDAwfSwic2NoZW1hX3ZlcnNpb24iOiIzIn0=",
          "dependencies": [
            "azurerm_resource_group.rg"
          ]
        }
      ]
    },
    {
      "mode": "managed",
      "type": "azurerm_resource_group",
      "name": "rg",
      "provider": "provider[\"registry.terraform.io/hashicorp/azurerm\"]",
      "instances": [
        {
          "schema_version": 0,
          "attributes": {
            "id": "/subscriptions/70c75825-b7ee-4784-baf4-3d0a6321a654/resourceGroups/tf-numerai-submission-resource-grp",
            "location": "eastus",
            "name": "tf-numerai-submission-resource-grp",
            "tags": null,
            "timeouts": null
          },
          "sensitive_attributes": [],
          "private": "eyJlMmJmYjczMC1lY2FhLTExZTYtOGY4OC0zNDM2M2JjN2M0YzAiOnsiY3JlYXRlIjo1NDAwMDAwMDAwMDAwLCJkZWxldGUiOjU0MDAwMDAwMDAwMDAsInJlYWQiOjMwMDAwMDAwMDAwMCwidXBkYXRlIjo1NDAwMDAwMDAwMDAwfX0="
        }
      ]
    },
    {
      "mode": "managed",
      "type": "azurerm_role_assignment",
      "name": "function_app",
      "provider": "provider[\"registry.terraform.io/hashicorp/azurerm\"]",
      "instances": []
    },
    {
      "mode": "managed",
      "type": "azurerm_service_plan",
      "name": "function_app",
      "provider": "provider[\"registry.terraform.io/hashicorp/azurerm\"]",
      "instances": [
        {
          "schema_version": 0,
          "attributes": {
            "app_service_environment_id": "",
            "id": "/subscriptions/70c75825-b7ee-4784-baf4-3d0a6321a654/resourceGroups/tf-numerai-submission-resource-grp/providers/Microsoft.Web/serverfarms/tf-numerai-submission-function-app-plan",
            "kind": "functionapp",
            "location": "eastus",
            "maximum_elastic_worker_count": 1,
            "name": "tf-numerai-submission-function-app-plan",
            "os_type": "Linux",
            "per_site_scaling_enabled": false,
            "reserved": true,
            "resource_group_name": "tf-numerai-submission-resource-grp",
            "sku_name": "Y1",
            "tags": null,
            "timeouts": null,
            "worker_count": 0,
            "zone_balancing_enabled": false
          },
          "sensitive_attributes": [],
          "private": "eyJlMmJmYjczMC1lY2FhLTExZTYtOGY4OC0zNDM2M2JjN2M0YzAiOnsiY3JlYXRlIjozNjAwMDAwMDAwMDAwLCJkZWxldGUiOjM2MDAwMDAwMDAwMDAsInJlYWQiOjMwMDAwMDAwMDAwMCwidXBkYXRlIjozNjAwMDAwMDAwMDAwfX0=",
          "dependencies": [
            "azurerm_resource_group.rg"
          ]
        }
      ]
    },
    {
      "mode": "managed",
      "type": "azurerm_storage_account",
      "name": "function_app",
      "provider": "provider[\"registry.terraform.io/hashicorp/azurerm\"]",
      "instances": [
        {
          "schema_version": 3,
          "attributes": {
            "access_tier": "Hot",
            "account_kind": "StorageV2",
            "account_replication_type": "LRS",
            "account_tier": "Standard",
            "allow_nested_items_to_be_public": true,
            "allowed_copy_scope": "",
            "azure_files_authentication": [],
            "blob_properties": [
              {
                "change_feed_enabled": false,
                "change_feed_retention_in_days": 0,
                "container_delete_retention_policy": [],
                "cors_rule": [],
                "default_service_version": "",
                "delete_retention_policy": [],
                "last_access_time_enabled": false,
                "restore_policy": [],
                "versioning_enabled": false
              }
            ],
            "cross_tenant_replication_enabled": true,
            "custom_domain": [],
            "customer_managed_key": [],
            "default_to_oauth_authentication": false,
            "edge_zone": "",
            "enable_https_traffic_only": true,
            "id": "/subscriptions/70c75825-b7ee-4784-baf4-3d0a6321a654/resourceGroups/tf-numerai-submission-resource-grp/providers/Microsoft.Storage/storageAccounts/numeraifunctionstorage",
            "identity": [],
            "immutability_policy": [],
            "infrastructure_encryption_enabled": false,
            "is_hns_enabled": false,
            "large_file_share_enabled": null,
            "location": "eastus",
            "min_tls_version": "TLS1_2",
            "name": "numeraifunctionstorage",
            "network_rules": [
              {
                "bypass": [
                  "AzureServices"
                ],
                "default_action": "Allow",
                "ip_rules": [],
                "private_link_access": [],
                "virtual_network_subnet_ids": []
              }
            ],
            "nfsv3_enabled": false,
            "primary_access_key": "OE4NpEDc6DiTGwPC1IR5pmJjv6vqlwNHZWF2q5LmTTTSGdXtFZ+pEa177/39zTvZKYAvyDcavka4+AStjPkFLg==",
            "primary_blob_connection_string": "DefaultEndpointsProtocol=https;BlobEndpoint=https://numeraifunctionstorage.blob.core.windows.net/;AccountName=numeraifunctionstorage;AccountKey=OE4NpEDc6DiTGwPC1IR5pmJjv6vqlwNHZWF2q5LmTTTSGdXtFZ+pEa177/39zTvZKYAvyDcavka4+AStjPkFLg==",
            "primary_blob_endpoint": "https://numeraifunctionstorage.blob.core.windows.net/",
            "primary_blob_host": "numeraifunctionstorage.blob.core.windows.net",
            "primary_connection_string": "DefaultEndpointsProtocol=https;AccountName=numeraifunctionstorage;AccountKey=OE4NpEDc6DiTGwPC1IR5pmJjv6vqlwNHZWF2q5LmTTTSGdXtFZ+pEa177/39zTvZKYAvyDcavka4+AStjPkFLg==;EndpointSuffix=core.windows.net",
            "primary_dfs_endpoint": "https://numeraifunctionstorage.dfs.core.windows.net/",
            "primary_dfs_host": "numeraifunctionstorage.dfs.core.windows.net",
            "primary_file_endpoint": "https://numeraifunctionstorage.file.core.windows.net/",
            "primary_file_host": "numeraifunctionstorage.file.core.windows.net",
            "primary_location": "eastus",
            "primary_queue_endpoint": "https://numeraifunctionstorage.queue.core.windows.net/",
            "primary_queue_host": "numeraifunctionstorage.queue.core.windows.net",
            "primary_table_endpoint": "https://numeraifunctionstorage.table.core.windows.net/",
            "primary_table_host": "numeraifunctionstorage.table.core.windows.net",
            "primary_web_endpoint": "https://numeraifunctionstorage.z13.web.core.windows.net/",
            "primary_web_host": "numeraifunctionstorage.z13.web.core.windows.net",
            "public_network_access_enabled": true,
            "queue_encryption_key_type": "Service",
            "queue_properties": [
              {
                "cors_rule": [],
                "hour_metrics": [
                  {
                    "enabled": true,
                    "include_apis": true,
                    "retention_policy_days": 7,
                    "version": "1.0"
                  }
                ],
                "logging": [
                  {
                    "delete": false,
                    "read": false,
                    "retention_policy_days": 0,
                    "version": "1.0",
                    "write": false
                  }
                ],
                "minute_metrics": [
                  {
                    "enabled": false,
                    "include_apis": false,
                    "retention_policy_days": 0,
                    "version": "1.0"
                  }
                ]
              }
            ],
            "resource_group_name": "tf-numerai-submission-resource-grp",
            "routing": [],
            "sas_policy": [],
            "secondary_access_key": "jpsbJIvPK7jZ1A6jas2pcu7h0tHLJ0bUtfhiQgb2GM7ly5SDyWqF5zX2AOiN2ieqo6J116K5gHA4+ASto6DgCA==",
            "secondary_blob_connection_string": "",
            "secondary_blob_endpoint": null,
            "secondary_blob_host": null,
            "secondary_connection_string": "DefaultEndpointsProtocol=https;AccountName=numeraifunctionstorage;AccountKey=jpsbJIvPK7jZ1A6jas2pcu7h0tHLJ0bUtfhiQgb2GM7ly5SDyWqF5zX2AOiN2ieqo6J116K5gHA4+ASto6DgCA==;EndpointSuffix=core.windows.net",
            "secondary_dfs_endpoint": null,
            "secondary_dfs_host": null,
            "secondary_file_endpoint": null,
            "secondary_file_host": null,
            "secondary_location": "",
            "secondary_queue_endpoint": null,
            "secondary_queue_host": null,
            "secondary_table_endpoint": null,
            "secondary_table_host": null,
            "secondary_web_endpoint": null,
            "secondary_web_host": null,
            "sftp_enabled": false,
            "share_properties": [
              {
                "cors_rule": [],
                "retention_policy": [
                  {
                    "days": 7
                  }
                ],
                "smb": []
              }
            ],
            "shared_access_key_enabled": true,
            "static_website": [],
            "table_encryption_key_type": "Service",
            "tags": null,
            "timeouts": null
          },
          "sensitive_attributes": [],
          "private": "eyJlMmJmYjczMC1lY2FhLTExZTYtOGY4OC0zNDM2M2JjN2M0YzAiOnsiY3JlYXRlIjozNjAwMDAwMDAwMDAwLCJkZWxldGUiOjM2MDAwMDAwMDAwMDAsInJlYWQiOjMwMDAwMDAwMDAwMCwidXBkYXRlIjozNjAwMDAwMDAwMDAwfSwic2NoZW1hX3ZlcnNpb24iOiIzIn0=",
          "dependencies": [
            "azurerm_resource_group.rg"
          ]
        }
      ]
    },
    {
      "mode": "managed",
      "type": "random_string",
      "name": "random",
      "provider": "provider[\"registry.terraform.io/hashicorp/random\"]",
      "instances": [
        {
          "schema_version": 2,
          "attributes": {
            "id": "ctdkd",
            "keepers": null,
            "length": 5,
            "lower": true,
            "min_lower": 0,
            "min_numeric": 0,
            "min_special": 0,
            "min_upper": 0,
            "number": true,
            "numeric": true,
            "override_special": null,
            "result": "ctdkd",
            "special": false,
            "upper": false
          },
          "sensitive_attributes": []
        }
      ]
    }
  ],
  "check_results": null
}
